// !$*UTF8*$!
{
	archiveVersion = 1;
	classes = {
	};
	objectVersion = 56;
	objects = {

/* Begin PBXBuildFile section */
		0802FB632B18F495009A7E81 /* DataModel.swift in Sources */ = {isa = PBXBuildFile; fileRef = 0802FB622B18F495009A7E81 /* DataModel.swift */; };
		080E2E952B5E3F4F0056828A /* LocationNavigation.swift in Sources */ = {isa = PBXBuildFile; fileRef = 080E2E942B5E3F4F0056828A /* LocationNavigation.swift */; };
		080E2E982B5E3F690056828A /* LocationViewFactory.swift in Sources */ = {isa = PBXBuildFile; fileRef = 080E2E972B5E3F690056828A /* LocationViewFactory.swift */; };
		080E2E9A2B5E3F740056828A /* NavigationFlow.swift in Sources */ = {isa = PBXBuildFile; fileRef = 080E2E992B5E3F740056828A /* NavigationFlow.swift */; };
		0811D45E2B4EEB13005867A5 /* ModelManager.swift in Sources */ = {isa = PBXBuildFile; fileRef = 0811D45D2B4EEB13005867A5 /* ModelManager.swift */; };
		081384712B4808BB00CDF389 /* DatePickerView.swift in Sources */ = {isa = PBXBuildFile; fileRef = 081384702B4808BB00CDF389 /* DatePickerView.swift */; };
		082177A02B0DFDC300D46518 /* spndLogApp.swift in Sources */ = {isa = PBXBuildFile; fileRef = 0821779F2B0DFDC300D46518 /* spndLogApp.swift */; };
		082177A22B0DFDC300D46518 /* ContentView.swift in Sources */ = {isa = PBXBuildFile; fileRef = 082177A12B0DFDC300D46518 /* ContentView.swift */; };
		082177A42B0DFDC300D46518 /* Item.swift in Sources */ = {isa = PBXBuildFile; fileRef = 082177A32B0DFDC300D46518 /* Item.swift */; };
		082177A62B0DFDC400D46518 /* Assets.xcassets in Resources */ = {isa = PBXBuildFile; fileRef = 082177A52B0DFDC400D46518 /* Assets.xcassets */; };
		082177A92B0DFDC400D46518 /* Preview Assets.xcassets in Resources */ = {isa = PBXBuildFile; fileRef = 082177A82B0DFDC400D46518 /* Preview Assets.xcassets */; };
		082177B32B0DFDC400D46518 /* spndLogTests.swift in Sources */ = {isa = PBXBuildFile; fileRef = 082177B22B0DFDC400D46518 /* spndLogTests.swift */; };
		082177BD2B0DFDC400D46518 /* spndLogUITests.swift in Sources */ = {isa = PBXBuildFile; fileRef = 082177BC2B0DFDC400D46518 /* spndLogUITests.swift */; };
		082177BF2B0DFDC400D46518 /* spndLogUITestsLaunchTests.swift in Sources */ = {isa = PBXBuildFile; fileRef = 082177BE2B0DFDC400D46518 /* spndLogUITestsLaunchTests.swift */; };
		082177CE2B0DFE9300D46518 /* Keypad.swift in Sources */ = {isa = PBXBuildFile; fileRef = 082177CD2B0DFE9300D46518 /* Keypad.swift */; };
		0837109F2B577B9600F5829E /* DatePickerForm.swift in Sources */ = {isa = PBXBuildFile; fileRef = 0837109E2B577B9600F5829E /* DatePickerForm.swift */; };
		083DAFF82B5089AD00023BE6 /* InputView.swift in Sources */ = {isa = PBXBuildFile; fileRef = 083DAFF72B5089AD00023BE6 /* InputView.swift */; };
		08491AB62B49A00400D3E13F /* UIDateRangePicker.swift in Sources */ = {isa = PBXBuildFile; fileRef = 08491AB52B49A00400D3E13F /* UIDateRangePicker.swift */; };
		08491AB82B4A9ED100D3E13F /* LocationGridView.swift in Sources */ = {isa = PBXBuildFile; fileRef = 08491AB72B4A9ED100D3E13F /* LocationGridView.swift */; };
		08491ABA2B4AE22200D3E13F /* States.swift in Sources */ = {isa = PBXBuildFile; fileRef = 08491AB92B4AE22200D3E13F /* States.swift */; };
		08491ABC2B4AE3B600D3E13F /* Constants.swift in Sources */ = {isa = PBXBuildFile; fileRef = 08491ABB2B4AE3B600D3E13F /* Constants.swift */; };
		08491AC02B4C291E00D3E13F /* authkey.swift in Sources */ = {isa = PBXBuildFile; fileRef = 08491ABF2B4C291E00D3E13F /* authkey.swift */; };
		0857C6C42B11C4E60012C698 /* EXCRateJSON.json in Sources */ = {isa = PBXBuildFile; fileRef = 0857C6C32B11C4E60012C698 /* EXCRateJSON.json */; };
		0857DD122B563B5100915604 /* Categories.swift in Sources */ = {isa = PBXBuildFile; fileRef = 0857DD112B563B5100915604 /* Categories.swift */; };
		0872F1E72B3BDDA6004169BB /* ImagePicker.swift in Sources */ = {isa = PBXBuildFile; fileRef = 0872F1E62B3BDDA6004169BB /* ImagePicker.swift */; };
		0872F1E92B3BDF46004169BB /* LocationGridCell.swift in Sources */ = {isa = PBXBuildFile; fileRef = 0872F1E82B3BDF46004169BB /* LocationGridCell.swift */; };
		087712A02B26873D003C8EE8 /* HHmmHeader.swift in Sources */ = {isa = PBXBuildFile; fileRef = 0877129F2B26873D003C8EE8 /* HHmmHeader.swift */; };
		087ADE822B0F951200E1BFD8 /* ResponseManager.swift in Sources */ = {isa = PBXBuildFile; fileRef = 087ADE812B0F951200E1BFD8 /* ResponseManager.swift */; };
		089014122B4C568F00791F27 /* .swiftlint.yml in Resources */ = {isa = PBXBuildFile; fileRef = 089014112B4C568F00791F27 /* .swiftlint.yml */; };
		08AB637E2B0E706600F03C64 /* Extensions.swift in Sources */ = {isa = PBXBuildFile; fileRef = 08AB637D2B0E706600F03C64 /* Extensions.swift */; };
		08B6C8DF2B27E8AE0045EE24 /* ItemListView.swift in Sources */ = {isa = PBXBuildFile; fileRef = 08B6C8DE2B27E8AE0045EE24 /* ItemListView.swift */; };
		08B8C2142B1156A1008734A8 /* CategoryMenuView.swift in Sources */ = {isa = PBXBuildFile; fileRef = 08B8C2132B1156A1008734A8 /* CategoryMenuView.swift */; };
		08C090FA2B550B5D008366AC /* CategoryPickerView.swift in Sources */ = {isa = PBXBuildFile; fileRef = 08C090F92B550B5D008366AC /* CategoryPickerView.swift */; };
		08DC52222B12D65E005ED804 /* SpendingItem.swift in Sources */ = {isa = PBXBuildFile; fileRef = 08DC52212B12D65E005ED804 /* SpendingItem.swift */; };
		08DC52242B12D7DA005ED804 /* DateHeader.swift in Sources */ = {isa = PBXBuildFile; fileRef = 08DC52232B12D7DA005ED804 /* DateHeader.swift */; };
		08DC52262B12D8C6005ED804 /* InputStringArea.swift in Sources */ = {isa = PBXBuildFile; fileRef = 08DC52252B12D8C6005ED804 /* InputStringArea.swift */; };
		08EBE7FD2B104D6B00552A3F /* DateFormat.swift in Sources */ = {isa = PBXBuildFile; fileRef = 08EBE7FC2B104D6B00552A3F /* DateFormat.swift */; };
		08EBE7FF2B105D2400552A3F /* Theme.swift in Sources */ = {isa = PBXBuildFile; fileRef = 08EBE7FE2B105D2400552A3F /* Theme.swift */; };
		08F2B37C2B0E82AA00371E49 /* EXCRateRequest.swift in Sources */ = {isa = PBXBuildFile; fileRef = 08F2B37B2B0E82AA00371E49 /* EXCRateRequest.swift */; };
		08F71DB82B31C58700B305D7 /* GestureHandler.swift in Sources */ = {isa = PBXBuildFile; fileRef = 08F71DB62B31C58700B305D7 /* GestureHandler.swift */; };
		08F71DB92B31C58700B305D7 /* TestProvider.swift in Sources */ = {isa = PBXBuildFile; fileRef = 08F71DB72B31C58700B305D7 /* TestProvider.swift */; };
/* End PBXBuildFile section */

/* Begin PBXContainerItemProxy section */
		082177AF2B0DFDC400D46518 /* PBXContainerItemProxy */ = {
			isa = PBXContainerItemProxy;
			containerPortal = 082177942B0DFDC300D46518 /* Project object */;
			proxyType = 1;
			remoteGlobalIDString = 0821779B2B0DFDC300D46518;
			remoteInfo = spndLog;
		};
		082177B92B0DFDC400D46518 /* PBXContainerItemProxy */ = {
			isa = PBXContainerItemProxy;
			containerPortal = 082177942B0DFDC300D46518 /* Project object */;
			proxyType = 1;
			remoteGlobalIDString = 0821779B2B0DFDC300D46518;
			remoteInfo = spndLog;
		};
/* End PBXContainerItemProxy section */

/* Begin PBXFileReference section */
		0802FB622B18F495009A7E81 /* DataModel.swift */ = {isa = PBXFileReference; fileEncoding = 4; lastKnownFileType = sourcecode.swift; path = DataModel.swift; sourceTree = "<group>"; };
		080E2E942B5E3F4F0056828A /* LocationNavigation.swift */ = {isa = PBXFileReference; lastKnownFileType = sourcecode.swift; path = LocationNavigation.swift; sourceTree = "<group>"; };
		080E2E972B5E3F690056828A /* LocationViewFactory.swift */ = {isa = PBXFileReference; lastKnownFileType = sourcecode.swift; path = LocationViewFactory.swift; sourceTree = "<group>"; };
		080E2E992B5E3F740056828A /* NavigationFlow.swift */ = {isa = PBXFileReference; lastKnownFileType = sourcecode.swift; path = NavigationFlow.swift; sourceTree = "<group>"; };
		0811D45D2B4EEB13005867A5 /* ModelManager.swift */ = {isa = PBXFileReference; lastKnownFileType = sourcecode.swift; path = ModelManager.swift; sourceTree = "<group>"; };
		081379402B0EA0A1006AE972 /* Info.plist */ = {isa = PBXFileReference; fileEncoding = 4; lastKnownFileType = text.plist.xml; path = Info.plist; sourceTree = "<group>"; };
		081384702B4808BB00CDF389 /* DatePickerView.swift */ = {isa = PBXFileReference; lastKnownFileType = sourcecode.swift; path = DatePickerView.swift; sourceTree = "<group>"; };
		0821779C2B0DFDC300D46518 /* exLog.app */ = {isa = PBXFileReference; explicitFileType = wrapper.application; includeInIndex = 0; path = exLog.app; sourceTree = BUILT_PRODUCTS_DIR; };
		0821779F2B0DFDC300D46518 /* spndLogApp.swift */ = {isa = PBXFileReference; lastKnownFileType = sourcecode.swift; path = spndLogApp.swift; sourceTree = "<group>"; };
		082177A12B0DFDC300D46518 /* ContentView.swift */ = {isa = PBXFileReference; lastKnownFileType = sourcecode.swift; path = ContentView.swift; sourceTree = "<group>"; };
		082177A32B0DFDC300D46518 /* Item.swift */ = {isa = PBXFileReference; lastKnownFileType = sourcecode.swift; path = Item.swift; sourceTree = "<group>"; };
		082177A52B0DFDC400D46518 /* Assets.xcassets */ = {isa = PBXFileReference; lastKnownFileType = folder.assetcatalog; path = Assets.xcassets; sourceTree = "<group>"; };
		082177A82B0DFDC400D46518 /* Preview Assets.xcassets */ = {isa = PBXFileReference; lastKnownFileType = folder.assetcatalog; path = "Preview Assets.xcassets"; sourceTree = "<group>"; };
		082177AE2B0DFDC400D46518 /* exLogTests.xctest */ = {isa = PBXFileReference; explicitFileType = wrapper.cfbundle; includeInIndex = 0; path = exLogTests.xctest; sourceTree = BUILT_PRODUCTS_DIR; };
		082177B22B0DFDC400D46518 /* spndLogTests.swift */ = {isa = PBXFileReference; lastKnownFileType = sourcecode.swift; path = spndLogTests.swift; sourceTree = "<group>"; };
		082177B82B0DFDC400D46518 /* exLogUITests.xctest */ = {isa = PBXFileReference; explicitFileType = wrapper.cfbundle; includeInIndex = 0; path = exLogUITests.xctest; sourceTree = BUILT_PRODUCTS_DIR; };
		082177BC2B0DFDC400D46518 /* spndLogUITests.swift */ = {isa = PBXFileReference; lastKnownFileType = sourcecode.swift; path = spndLogUITests.swift; sourceTree = "<group>"; };
		082177BE2B0DFDC400D46518 /* spndLogUITestsLaunchTests.swift */ = {isa = PBXFileReference; lastKnownFileType = sourcecode.swift; path = spndLogUITestsLaunchTests.swift; sourceTree = "<group>"; };
		082177CD2B0DFE9300D46518 /* Keypad.swift */ = {isa = PBXFileReference; lastKnownFileType = sourcecode.swift; path = Keypad.swift; sourceTree = "<group>"; };
		0837109E2B577B9600F5829E /* DatePickerForm.swift */ = {isa = PBXFileReference; lastKnownFileType = sourcecode.swift; path = DatePickerForm.swift; sourceTree = "<group>"; };
		083DAFF72B5089AD00023BE6 /* InputView.swift */ = {isa = PBXFileReference; lastKnownFileType = sourcecode.swift; path = InputView.swift; sourceTree = "<group>"; };
		08491AB52B49A00400D3E13F /* UIDateRangePicker.swift */ = {isa = PBXFileReference; lastKnownFileType = sourcecode.swift; path = UIDateRangePicker.swift; sourceTree = "<group>"; };
		08491AB72B4A9ED100D3E13F /* LocationGridView.swift */ = {isa = PBXFileReference; lastKnownFileType = sourcecode.swift; path = LocationGridView.swift; sourceTree = "<group>"; };
		08491AB92B4AE22200D3E13F /* States.swift */ = {isa = PBXFileReference; lastKnownFileType = sourcecode.swift; path = States.swift; sourceTree = "<group>"; };
		08491ABB2B4AE3B600D3E13F /* Constants.swift */ = {isa = PBXFileReference; lastKnownFileType = sourcecode.swift; path = Constants.swift; sourceTree = "<group>"; };
		08491ABF2B4C291E00D3E13F /* authkey.swift */ = {isa = PBXFileReference; fileEncoding = 4; lastKnownFileType = sourcecode.swift; path = authkey.swift; sourceTree = "<group>"; };
		0857C6C32B11C4E60012C698 /* EXCRateJSON.json */ = {isa = PBXFileReference; lastKnownFileType = text.json; path = EXCRateJSON.json; sourceTree = "<group>"; };
		0857DD112B563B5100915604 /* Categories.swift */ = {isa = PBXFileReference; lastKnownFileType = sourcecode.swift; path = Categories.swift; sourceTree = "<group>"; };
		0872F1E62B3BDDA6004169BB /* ImagePicker.swift */ = {isa = PBXFileReference; lastKnownFileType = sourcecode.swift; path = ImagePicker.swift; sourceTree = "<group>"; };
		0872F1E82B3BDF46004169BB /* LocationGridCell.swift */ = {isa = PBXFileReference; lastKnownFileType = sourcecode.swift; path = LocationGridCell.swift; sourceTree = "<group>"; };
		0877129F2B26873D003C8EE8 /* HHmmHeader.swift */ = {isa = PBXFileReference; lastKnownFileType = sourcecode.swift; path = HHmmHeader.swift; sourceTree = "<group>"; };
		087ADE812B0F951200E1BFD8 /* ResponseManager.swift */ = {isa = PBXFileReference; lastKnownFileType = sourcecode.swift; path = ResponseManager.swift; sourceTree = "<group>"; };
		089014112B4C568F00791F27 /* .swiftlint.yml */ = {isa = PBXFileReference; lastKnownFileType = text.yaml; path = .swiftlint.yml; sourceTree = "<group>"; };
		08AB637D2B0E706600F03C64 /* Extensions.swift */ = {isa = PBXFileReference; lastKnownFileType = sourcecode.swift; path = Extensions.swift; sourceTree = "<group>"; };
		08B6C8DE2B27E8AE0045EE24 /* ItemListView.swift */ = {isa = PBXFileReference; fileEncoding = 4; lastKnownFileType = sourcecode.swift; path = ItemListView.swift; sourceTree = "<group>"; };
		08B8C2132B1156A1008734A8 /* CategoryMenuView.swift */ = {isa = PBXFileReference; lastKnownFileType = sourcecode.swift; path = CategoryMenuView.swift; sourceTree = "<group>"; };
		08C090F92B550B5D008366AC /* CategoryPickerView.swift */ = {isa = PBXFileReference; lastKnownFileType = sourcecode.swift; path = CategoryPickerView.swift; sourceTree = "<group>"; };
		08DC52212B12D65E005ED804 /* SpendingItem.swift */ = {isa = PBXFileReference; lastKnownFileType = sourcecode.swift; path = SpendingItem.swift; sourceTree = "<group>"; };
		08DC52232B12D7DA005ED804 /* DateHeader.swift */ = {isa = PBXFileReference; lastKnownFileType = sourcecode.swift; path = DateHeader.swift; sourceTree = "<group>"; };
		08DC52252B12D8C6005ED804 /* InputStringArea.swift */ = {isa = PBXFileReference; lastKnownFileType = sourcecode.swift; path = InputStringArea.swift; sourceTree = "<group>"; };
		08EBE7FC2B104D6B00552A3F /* DateFormat.swift */ = {isa = PBXFileReference; lastKnownFileType = sourcecode.swift; path = DateFormat.swift; sourceTree = "<group>"; };
		08EBE7FE2B105D2400552A3F /* Theme.swift */ = {isa = PBXFileReference; lastKnownFileType = sourcecode.swift; path = Theme.swift; sourceTree = "<group>"; };
		08F2B37B2B0E82AA00371E49 /* EXCRateRequest.swift */ = {isa = PBXFileReference; lastKnownFileType = sourcecode.swift; path = EXCRateRequest.swift; sourceTree = "<group>"; };
		08F71DB62B31C58700B305D7 /* GestureHandler.swift */ = {isa = PBXFileReference; fileEncoding = 4; lastKnownFileType = sourcecode.swift; path = GestureHandler.swift; sourceTree = "<group>"; };
		08F71DB72B31C58700B305D7 /* TestProvider.swift */ = {isa = PBXFileReference; fileEncoding = 4; lastKnownFileType = sourcecode.swift; path = TestProvider.swift; sourceTree = "<group>"; };
/* End PBXFileReference section */

/* Begin PBXFrameworksBuildPhase section */
		082177992B0DFDC300D46518 /* Frameworks */ = {
			isa = PBXFrameworksBuildPhase;
			buildActionMask = 2147483647;
			files = (
			);
			runOnlyForDeploymentPostprocessing = 0;
		};
		082177AB2B0DFDC400D46518 /* Frameworks */ = {
			isa = PBXFrameworksBuildPhase;
			buildActionMask = 2147483647;
			files = (
			);
			runOnlyForDeploymentPostprocessing = 0;
		};
		082177B52B0DFDC400D46518 /* Frameworks */ = {
			isa = PBXFrameworksBuildPhase;
			buildActionMask = 2147483647;
			files = (
			);
			runOnlyForDeploymentPostprocessing = 0;
		};
/* End PBXFrameworksBuildPhase section */

/* Begin PBXGroup section */
		080E2E962B5E3F540056828A /* Navigation */ = {
			isa = PBXGroup;
			children = (
				080E2E942B5E3F4F0056828A /* LocationNavigation.swift */,
				080E2E972B5E3F690056828A /* LocationViewFactory.swift */,
				080E2E992B5E3F740056828A /* NavigationFlow.swift */,
			);
			path = Navigation;
			sourceTree = "<group>";
		};
		082177932B0DFDC300D46518 = {
			isa = PBXGroup;
			children = (
				089014112B4C568F00791F27 /* .swiftlint.yml */,
				0821779E2B0DFDC300D46518 /* exLog */,
				082177B12B0DFDC400D46518 /* exLogTests */,
				082177BB2B0DFDC400D46518 /* exLogUITests */,
				0821779D2B0DFDC300D46518 /* Products */,
			);
			sourceTree = "<group>";
		};
		0821779D2B0DFDC300D46518 /* Products */ = {
			isa = PBXGroup;
			children = (
				0821779C2B0DFDC300D46518 /* exLog.app */,
				082177AE2B0DFDC400D46518 /* exLogTests.xctest */,
				082177B82B0DFDC400D46518 /* exLogUITests.xctest */,
			);
			name = Products;
			sourceTree = "<group>";
		};
		0821779E2B0DFDC300D46518 /* exLog */ = {
			isa = PBXGroup;
			children = (
				081379402B0EA0A1006AE972 /* Info.plist */,
				0821779F2B0DFDC300D46518 /* spndLogApp.swift */,
				080E2E962B5E3F540056828A /* Navigation */,
				08491ABD2B4C284E00D3E13F /* Resources */,
				08AB63852B0E7F0E00F03C64 /* Model */,
				08491AC12B4C29EB00D3E13F /* Network */,
				08B8C2152B1156B2008734A8 /* View */,
				082177A72B0DFDC400D46518 /* Preview Content */,
			);
			path = exLog;
			sourceTree = "<group>";
		};
		082177A72B0DFDC400D46518 /* Preview Content */ = {
			isa = PBXGroup;
			children = (
				082177A82B0DFDC400D46518 /* Preview Assets.xcassets */,
			);
			path = "Preview Content";
			sourceTree = "<group>";
		};
		082177B12B0DFDC400D46518 /* exLogTests */ = {
			isa = PBXGroup;
			children = (
				082177B22B0DFDC400D46518 /* spndLogTests.swift */,
			);
			path = exLogTests;
			sourceTree = "<group>";
		};
		082177BB2B0DFDC400D46518 /* exLogUITests */ = {
			isa = PBXGroup;
			children = (
				082177BC2B0DFDC400D46518 /* spndLogUITests.swift */,
				082177BE2B0DFDC400D46518 /* spndLogUITestsLaunchTests.swift */,
			);
			path = exLogUITests;
			sourceTree = "<group>";
		};
		08491ABD2B4C284E00D3E13F /* Resources */ = {
			isa = PBXGroup;
			children = (
				08F71DB52B31C58700B305D7 /* Handler */,
				08EBE7FE2B105D2400552A3F /* Theme.swift */,
				08EBE7FC2B104D6B00552A3F /* DateFormat.swift */,
				08AB637D2B0E706600F03C64 /* Extensions.swift */,
				0857C6C32B11C4E60012C698 /* EXCRateJSON.json */,
				08491ABB2B4AE3B600D3E13F /* Constants.swift */,
				0857DD112B563B5100915604 /* Categories.swift */,
				08491AB92B4AE22200D3E13F /* States.swift */,
				08491ABF2B4C291E00D3E13F /* authkey.swift */,
				082177A52B0DFDC400D46518 /* Assets.xcassets */,
			);
			path = Resources;
			sourceTree = "<group>";
		};
		08491ABE2B4C28A800D3E13F /* Pickers */ = {
			isa = PBXGroup;
			children = (
				0872F1E62B3BDDA6004169BB /* ImagePicker.swift */,
				081384702B4808BB00CDF389 /* DatePickerView.swift */,
				08491AB52B49A00400D3E13F /* UIDateRangePicker.swift */,
				08B8C2132B1156A1008734A8 /* CategoryMenuView.swift */,
			);
			path = Pickers;
			sourceTree = "<group>";
		};
		08491AC12B4C29EB00D3E13F /* Network */ = {
			isa = PBXGroup;
			children = (
				08F2B37B2B0E82AA00371E49 /* EXCRateRequest.swift */,
				087ADE812B0F951200E1BFD8 /* ResponseManager.swift */,
			);
			path = Network;
			sourceTree = "<group>";
		};
		08491AC22B4C2D7B00D3E13F /* Keypad */ = {
			isa = PBXGroup;
			children = (
				083DAFF72B5089AD00023BE6 /* InputView.swift */,
				08C090F92B550B5D008366AC /* CategoryPickerView.swift */,
				08DC52252B12D8C6005ED804 /* InputStringArea.swift */,
				082177CD2B0DFE9300D46518 /* Keypad.swift */,
				0837109E2B577B9600F5829E /* DatePickerForm.swift */,
			);
			path = Keypad;
			sourceTree = "<group>";
		};
		08491AC32B4C2DE500D3E13F /* ListView */ = {
			isa = PBXGroup;
			children = (
				08B6C8DE2B27E8AE0045EE24 /* ItemListView.swift */,
				08DC52232B12D7DA005ED804 /* DateHeader.swift */,
				0877129F2B26873D003C8EE8 /* HHmmHeader.swift */,
				08DC52212B12D65E005ED804 /* SpendingItem.swift */,
			);
			path = ListView;
			sourceTree = "<group>";
		};
		08AB63852B0E7F0E00F03C64 /* Model */ = {
			isa = PBXGroup;
			children = (
				0802FB622B18F495009A7E81 /* DataModel.swift */,
				0811D45D2B4EEB13005867A5 /* ModelManager.swift */,
				082177A32B0DFDC300D46518 /* Item.swift */,
			);
			path = Model;
			sourceTree = "<group>";
		};
		08B8C2152B1156B2008734A8 /* View */ = {
			isa = PBXGroup;
			children = (
				082177A12B0DFDC300D46518 /* ContentView.swift */,
				08D4C7722B5A1CA300D25ED5 /* LocationGrid */,
				08491AC32B4C2DE500D3E13F /* ListView */,
				08491ABE2B4C28A800D3E13F /* Pickers */,
				08491AC22B4C2D7B00D3E13F /* Keypad */,
			);
			name = View;
			path = View.swift;
			sourceTree = "<group>";
		};
		08D4C7722B5A1CA300D25ED5 /* LocationGrid */ = {
			isa = PBXGroup;
			children = (
				08491AB72B4A9ED100D3E13F /* LocationGridView.swift */,
				0872F1E82B3BDF46004169BB /* LocationGridCell.swift */,
			);
			path = LocationGrid;
			sourceTree = "<group>";
		};
		08F71DB52B31C58700B305D7 /* Handler */ = {
			isa = PBXGroup;
			children = (
				08F71DB62B31C58700B305D7 /* GestureHandler.swift */,
				08F71DB72B31C58700B305D7 /* TestProvider.swift */,
			);
			name = Handler;
			path = exLog/Resources/Handler;
			sourceTree = SOURCE_ROOT;
		};
/* End PBXGroup section */

/* Begin PBXNativeTarget section */
		0821779B2B0DFDC300D46518 /* exLog */ = {
			isa = PBXNativeTarget;
			buildConfigurationList = 082177C22B0DFDC400D46518 /* Build configuration list for PBXNativeTarget "exLog" */;
			buildPhases = (
				089014102B4C563000791F27 /* Swift Lint */,
				082177982B0DFDC300D46518 /* Sources */,
				082177992B0DFDC300D46518 /* Frameworks */,
				0821779A2B0DFDC300D46518 /* Resources */,
			);
			buildRules = (
			);
			dependencies = (
			);
			name = exLog;
			productName = spndLog;
			productReference = 0821779C2B0DFDC300D46518 /* exLog.app */;
			productType = "com.apple.product-type.application";
		};
		082177AD2B0DFDC400D46518 /* exLogTests */ = {
			isa = PBXNativeTarget;
			buildConfigurationList = 082177C52B0DFDC400D46518 /* Build configuration list for PBXNativeTarget "exLogTests" */;
			buildPhases = (
				082177AA2B0DFDC400D46518 /* Sources */,
				082177AB2B0DFDC400D46518 /* Frameworks */,
				082177AC2B0DFDC400D46518 /* Resources */,
			);
			buildRules = (
			);
			dependencies = (
				082177B02B0DFDC400D46518 /* PBXTargetDependency */,
			);
			name = exLogTests;
			productName = spndLogTests;
			productReference = 082177AE2B0DFDC400D46518 /* exLogTests.xctest */;
			productType = "com.apple.product-type.bundle.unit-test";
		};
		082177B72B0DFDC400D46518 /* exLogUITests */ = {
			isa = PBXNativeTarget;
			buildConfigurationList = 082177C82B0DFDC400D46518 /* Build configuration list for PBXNativeTarget "exLogUITests" */;
			buildPhases = (
				082177B42B0DFDC400D46518 /* Sources */,
				082177B52B0DFDC400D46518 /* Frameworks */,
				082177B62B0DFDC400D46518 /* Resources */,
			);
			buildRules = (
			);
			dependencies = (
				082177BA2B0DFDC400D46518 /* PBXTargetDependency */,
			);
			name = exLogUITests;
			productName = spndLogUITests;
			productReference = 082177B82B0DFDC400D46518 /* exLogUITests.xctest */;
			productType = "com.apple.product-type.bundle.ui-testing";
		};
/* End PBXNativeTarget section */

/* Begin PBXProject section */
		082177942B0DFDC300D46518 /* Project object */ = {
			isa = PBXProject;
			attributes = {
				BuildIndependentTargetsInParallel = 1;
				LastSwiftUpdateCheck = 1500;
				LastUpgradeCheck = 1500;
				TargetAttributes = {
					0821779B2B0DFDC300D46518 = {
						CreatedOnToolsVersion = 15.0.1;
					};
					082177AD2B0DFDC400D46518 = {
						CreatedOnToolsVersion = 15.0.1;
						TestTargetID = 0821779B2B0DFDC300D46518;
					};
					082177B72B0DFDC400D46518 = {
						CreatedOnToolsVersion = 15.0.1;
						TestTargetID = 0821779B2B0DFDC300D46518;
					};
				};
			};
			buildConfigurationList = 082177972B0DFDC300D46518 /* Build configuration list for PBXProject "exLog" */;
			compatibilityVersion = "Xcode 14.0";
			developmentRegion = en;
			hasScannedForEncodings = 0;
			knownRegions = (
				en,
				Base,
			);
			mainGroup = 082177932B0DFDC300D46518;
			productRefGroup = 0821779D2B0DFDC300D46518 /* Products */;
			projectDirPath = "";
			projectRoot = "";
			targets = (
				0821779B2B0DFDC300D46518 /* exLog */,
				082177AD2B0DFDC400D46518 /* exLogTests */,
				082177B72B0DFDC400D46518 /* exLogUITests */,
			);
		};
/* End PBXProject section */

/* Begin PBXResourcesBuildPhase section */
		0821779A2B0DFDC300D46518 /* Resources */ = {
			isa = PBXResourcesBuildPhase;
			buildActionMask = 2147483647;
			files = (
				089014122B4C568F00791F27 /* .swiftlint.yml in Resources */,
				082177A92B0DFDC400D46518 /* Preview Assets.xcassets in Resources */,
				082177A62B0DFDC400D46518 /* Assets.xcassets in Resources */,
			);
			runOnlyForDeploymentPostprocessing = 0;
		};
		082177AC2B0DFDC400D46518 /* Resources */ = {
			isa = PBXResourcesBuildPhase;
			buildActionMask = 2147483647;
			files = (
			);
			runOnlyForDeploymentPostprocessing = 0;
		};
		082177B62B0DFDC400D46518 /* Resources */ = {
			isa = PBXResourcesBuildPhase;
			buildActionMask = 2147483647;
			files = (
			);
			runOnlyForDeploymentPostprocessing = 0;
		};
/* End PBXResourcesBuildPhase section */

/* Begin PBXShellScriptBuildPhase section */
		089014102B4C563000791F27 /* Swift Lint */ = {
			isa = PBXShellScriptBuildPhase;
			alwaysOutOfDate = 1;
			buildActionMask = 2147483647;
			files = (
			);
			inputFileListPaths = (
			);
			inputPaths = (
			);
			name = "Swift Lint";
			outputFileListPaths = (
			);
			outputPaths = (
			);
			runOnlyForDeploymentPostprocessing = 0;
			shellPath = /bin/sh;
			shellScript = "export PATH=\"$PATH:/opt/homebrew/bin\"\nif which swiftlint > /dev/null; then\n  swiftlint --fix && swiftlint\nelse\n  echo \"warning: SwiftLint not installed, download from https://github.com/realm/SwiftLint\"\nfi\n";
		};
/* End PBXShellScriptBuildPhase section */

/* Begin PBXSourcesBuildPhase section */
		082177982B0DFDC300D46518 /* Sources */ = {
			isa = PBXSourcesBuildPhase;
			buildActionMask = 2147483647;
			files = (
				082177A22B0DFDC300D46518 /* ContentView.swift in Sources */,
				081384712B4808BB00CDF389 /* DatePickerView.swift in Sources */,
				083DAFF82B5089AD00023BE6 /* InputView.swift in Sources */,
				087ADE822B0F951200E1BFD8 /* ResponseManager.swift in Sources */,
				08491AB82B4A9ED100D3E13F /* LocationGridView.swift in Sources */,
				087712A02B26873D003C8EE8 /* HHmmHeader.swift in Sources */,
				0811D45E2B4EEB13005867A5 /* ModelManager.swift in Sources */,
				08491ABC2B4AE3B600D3E13F /* Constants.swift in Sources */,
				08DC52242B12D7DA005ED804 /* DateHeader.swift in Sources */,
				08491AB62B49A00400D3E13F /* UIDateRangePicker.swift in Sources */,
				0872F1E92B3BDF46004169BB /* LocationGridCell.swift in Sources */,
				082177A42B0DFDC300D46518 /* Item.swift in Sources */,
				08DC52262B12D8C6005ED804 /* InputStringArea.swift in Sources */,
				08B6C8DF2B27E8AE0045EE24 /* ItemListView.swift in Sources */,
				08DC52222B12D65E005ED804 /* SpendingItem.swift in Sources */,
				0857C6C42B11C4E60012C698 /* EXCRateJSON.json in Sources */,
				082177A02B0DFDC300D46518 /* spndLogApp.swift in Sources */,
				0857DD122B563B5100915604 /* Categories.swift in Sources */,
				0802FB632B18F495009A7E81 /* DataModel.swift in Sources */,
				0872F1E72B3BDDA6004169BB /* ImagePicker.swift in Sources */,
				08C090FA2B550B5D008366AC /* CategoryPickerView.swift in Sources */,
				080E2E9A2B5E3F740056828A /* NavigationFlow.swift in Sources */,
				08491AC02B4C291E00D3E13F /* authkey.swift in Sources */,
				08F71DB82B31C58700B305D7 /* GestureHandler.swift in Sources */,
				082177CE2B0DFE9300D46518 /* Keypad.swift in Sources */,
				08EBE7FD2B104D6B00552A3F /* DateFormat.swift in Sources */,
				08F2B37C2B0E82AA00371E49 /* EXCRateRequest.swift in Sources */,
				08EBE7FF2B105D2400552A3F /* Theme.swift in Sources */,
				08491ABA2B4AE22200D3E13F /* States.swift in Sources */,
				080E2E952B5E3F4F0056828A /* LocationNavigation.swift in Sources */,
				080E2E982B5E3F690056828A /* LocationViewFactory.swift in Sources */,
				08B8C2142B1156A1008734A8 /* CategoryMenuView.swift in Sources */,
				08AB637E2B0E706600F03C64 /* Extensions.swift in Sources */,
				08F71DB92B31C58700B305D7 /* TestProvider.swift in Sources */,
				0837109F2B577B9600F5829E /* DatePickerForm.swift in Sources */,
			);
			runOnlyForDeploymentPostprocessing = 0;
		};
		082177AA2B0DFDC400D46518 /* Sources */ = {
			isa = PBXSourcesBuildPhase;
			buildActionMask = 2147483647;
			files = (
				082177B32B0DFDC400D46518 /* spndLogTests.swift in Sources */,
			);
			runOnlyForDeploymentPostprocessing = 0;
		};
		082177B42B0DFDC400D46518 /* Sources */ = {
			isa = PBXSourcesBuildPhase;
			buildActionMask = 2147483647;
			files = (
				082177BF2B0DFDC400D46518 /* spndLogUITestsLaunchTests.swift in Sources */,
				082177BD2B0DFDC400D46518 /* spndLogUITests.swift in Sources */,
			);
			runOnlyForDeploymentPostprocessing = 0;
		};
/* End PBXSourcesBuildPhase section */

/* Begin PBXTargetDependency section */
		082177B02B0DFDC400D46518 /* PBXTargetDependency */ = {
			isa = PBXTargetDependency;
			target = 0821779B2B0DFDC300D46518 /* exLog */;
			targetProxy = 082177AF2B0DFDC400D46518 /* PBXContainerItemProxy */;
		};
		082177BA2B0DFDC400D46518 /* PBXTargetDependency */ = {
			isa = PBXTargetDependency;
			target = 0821779B2B0DFDC300D46518 /* exLog */;
			targetProxy = 082177B92B0DFDC400D46518 /* PBXContainerItemProxy */;
		};
/* End PBXTargetDependency section */

/* Begin XCBuildConfiguration section */
		082177C02B0DFDC400D46518 /* Debug */ = {
			isa = XCBuildConfiguration;
			buildSettings = {
				ALWAYS_SEARCH_USER_PATHS = NO;
				ASSETCATALOG_COMPILER_GENERATE_SWIFT_ASSET_SYMBOL_EXTENSIONS = YES;
				CLANG_ANALYZER_NONNULL = YES;
				CLANG_ANALYZER_NUMBER_OBJECT_CONVERSION = YES_AGGRESSIVE;
				CLANG_CXX_LANGUAGE_STANDARD = "gnu++20";
				CLANG_ENABLE_MODULES = YES;
				CLANG_ENABLE_OBJC_ARC = YES;
				CLANG_ENABLE_OBJC_WEAK = YES;
				CLANG_WARN_BLOCK_CAPTURE_AUTORELEASING = YES;
				CLANG_WARN_BOOL_CONVERSION = YES;
				CLANG_WARN_COMMA = YES;
				CLANG_WARN_CONSTANT_CONVERSION = YES;
				CLANG_WARN_DEPRECATED_OBJC_IMPLEMENTATIONS = YES;
				CLANG_WARN_DIRECT_OBJC_ISA_USAGE = YES_ERROR;
				CLANG_WARN_DOCUMENTATION_COMMENTS = YES;
				CLANG_WARN_EMPTY_BODY = YES;
				CLANG_WARN_ENUM_CONVERSION = YES;
				CLANG_WARN_INFINITE_RECURSION = YES;
				CLANG_WARN_INT_CONVERSION = YES;
				CLANG_WARN_NON_LITERAL_NULL_CONVERSION = YES;
				CLANG_WARN_OBJC_IMPLICIT_RETAIN_SELF = YES;
				CLANG_WARN_OBJC_LITERAL_CONVERSION = YES;
				CLANG_WARN_OBJC_ROOT_CLASS = YES_ERROR;
				CLANG_WARN_QUOTED_INCLUDE_IN_FRAMEWORK_HEADER = YES;
				CLANG_WARN_RANGE_LOOP_ANALYSIS = YES;
				CLANG_WARN_STRICT_PROTOTYPES = YES;
				CLANG_WARN_SUSPICIOUS_MOVE = YES;
				CLANG_WARN_UNGUARDED_AVAILABILITY = YES_AGGRESSIVE;
				CLANG_WARN_UNREACHABLE_CODE = YES;
				CLANG_WARN__DUPLICATE_METHOD_MATCH = YES;
				COPY_PHASE_STRIP = NO;
				DEBUG_INFORMATION_FORMAT = dwarf;
				ENABLE_STRICT_OBJC_MSGSEND = YES;
				ENABLE_TESTABILITY = YES;
				ENABLE_USER_SCRIPT_SANDBOXING = NO;
				GCC_C_LANGUAGE_STANDARD = gnu17;
				GCC_DYNAMIC_NO_PIC = NO;
				GCC_NO_COMMON_BLOCKS = YES;
				GCC_OPTIMIZATION_LEVEL = 0;
				GCC_PREPROCESSOR_DEFINITIONS = (
					"DEBUG=1",
					"$(inherited)",
				);
				GCC_WARN_64_TO_32_BIT_CONVERSION = YES;
				GCC_WARN_ABOUT_RETURN_TYPE = YES_ERROR;
				GCC_WARN_UNDECLARED_SELECTOR = YES;
				GCC_WARN_UNINITIALIZED_AUTOS = YES_AGGRESSIVE;
				GCC_WARN_UNUSED_FUNCTION = YES;
				GCC_WARN_UNUSED_VARIABLE = YES;
				INFOPLIST_FILE = "";
				IPHONEOS_DEPLOYMENT_TARGET = 17.0;
				LOCALIZATION_PREFERS_STRING_CATALOGS = YES;
				MTL_ENABLE_DEBUG_INFO = INCLUDE_SOURCE;
				MTL_FAST_MATH = YES;
				ONLY_ACTIVE_ARCH = YES;
				SDKROOT = iphoneos;
				SWIFT_ACTIVE_COMPILATION_CONDITIONS = "DEBUG $(inherited)";
				SWIFT_OPTIMIZATION_LEVEL = "-Onone";
			};
			name = Debug;
		};
		082177C12B0DFDC400D46518 /* Release */ = {
			isa = XCBuildConfiguration;
			buildSettings = {
				ALWAYS_SEARCH_USER_PATHS = NO;
				ASSETCATALOG_COMPILER_GENERATE_SWIFT_ASSET_SYMBOL_EXTENSIONS = YES;
				CLANG_ANALYZER_NONNULL = YES;
				CLANG_ANALYZER_NUMBER_OBJECT_CONVERSION = YES_AGGRESSIVE;
				CLANG_CXX_LANGUAGE_STANDARD = "gnu++20";
				CLANG_ENABLE_MODULES = YES;
				CLANG_ENABLE_OBJC_ARC = YES;
				CLANG_ENABLE_OBJC_WEAK = YES;
				CLANG_WARN_BLOCK_CAPTURE_AUTORELEASING = YES;
				CLANG_WARN_BOOL_CONVERSION = YES;
				CLANG_WARN_COMMA = YES;
				CLANG_WARN_CONSTANT_CONVERSION = YES;
				CLANG_WARN_DEPRECATED_OBJC_IMPLEMENTATIONS = YES;
				CLANG_WARN_DIRECT_OBJC_ISA_USAGE = YES_ERROR;
				CLANG_WARN_DOCUMENTATION_COMMENTS = YES;
				CLANG_WARN_EMPTY_BODY = YES;
				CLANG_WARN_ENUM_CONVERSION = YES;
				CLANG_WARN_INFINITE_RECURSION = YES;
				CLANG_WARN_INT_CONVERSION = YES;
				CLANG_WARN_NON_LITERAL_NULL_CONVERSION = YES;
				CLANG_WARN_OBJC_IMPLICIT_RETAIN_SELF = YES;
				CLANG_WARN_OBJC_LITERAL_CONVERSION = YES;
				CLANG_WARN_OBJC_ROOT_CLASS = YES_ERROR;
				CLANG_WARN_QUOTED_INCLUDE_IN_FRAMEWORK_HEADER = YES;
				CLANG_WARN_RANGE_LOOP_ANALYSIS = YES;
				CLANG_WARN_STRICT_PROTOTYPES = YES;
				CLANG_WARN_SUSPICIOUS_MOVE = YES;
				CLANG_WARN_UNGUARDED_AVAILABILITY = YES_AGGRESSIVE;
				CLANG_WARN_UNREACHABLE_CODE = YES;
				CLANG_WARN__DUPLICATE_METHOD_MATCH = YES;
				COPY_PHASE_STRIP = NO;
				DEBUG_INFORMATION_FORMAT = "dwarf-with-dsym";
				ENABLE_NS_ASSERTIONS = NO;
				ENABLE_STRICT_OBJC_MSGSEND = YES;
				ENABLE_USER_SCRIPT_SANDBOXING = NO;
				GCC_C_LANGUAGE_STANDARD = gnu17;
				GCC_NO_COMMON_BLOCKS = YES;
				GCC_WARN_64_TO_32_BIT_CONVERSION = YES;
				GCC_WARN_ABOUT_RETURN_TYPE = YES_ERROR;
				GCC_WARN_UNDECLARED_SELECTOR = YES;
				GCC_WARN_UNINITIALIZED_AUTOS = YES_AGGRESSIVE;
				GCC_WARN_UNUSED_FUNCTION = YES;
				GCC_WARN_UNUSED_VARIABLE = YES;
				INFOPLIST_FILE = "";
				IPHONEOS_DEPLOYMENT_TARGET = 17.0;
				LOCALIZATION_PREFERS_STRING_CATALOGS = YES;
				MTL_ENABLE_DEBUG_INFO = NO;
				MTL_FAST_MATH = YES;
				SDKROOT = iphoneos;
				SWIFT_COMPILATION_MODE = wholemodule;
				VALIDATE_PRODUCT = YES;
			};
			name = Release;
		};
		082177C32B0DFDC400D46518 /* Debug */ = {
			isa = XCBuildConfiguration;
			buildSettings = {
				ASSETCATALOG_COMPILER_APPICON_NAME = AppIcon;
				ASSETCATALOG_COMPILER_GLOBAL_ACCENT_COLOR_NAME = AccentColor;
				CODE_SIGN_IDENTITY = "Apple Development";
				CODE_SIGN_STYLE = Automatic;
				CURRENT_PROJECT_VERSION = 1;
				DEVELOPMENT_ASSET_PATHS = "\"exLog/Preview Content\"";
				DEVELOPMENT_TEAM = V6ZL3U7TQT;
				ENABLE_PREVIEWS = YES;
				GENERATE_INFOPLIST_FILE = YES;
				INFOPLIST_FILE = exLog/Info.plist;
				INFOPLIST_KEY_UIApplicationSceneManifest_Generation = YES;
				INFOPLIST_KEY_UIApplicationSupportsIndirectInputEvents = YES;
				INFOPLIST_KEY_UILaunchScreen_Generation = YES;
				INFOPLIST_KEY_UISupportedInterfaceOrientations_iPad = "UIInterfaceOrientationPortrait UIInterfaceOrientationPortraitUpsideDown UIInterfaceOrientationLandscapeLeft UIInterfaceOrientationLandscapeRight";
				INFOPLIST_KEY_UISupportedInterfaceOrientations_iPhone = "UIInterfaceOrientationPortrait UIInterfaceOrientationLandscapeLeft UIInterfaceOrientationLandscapeRight";
				LD_RUNPATH_SEARCH_PATHS = (
					"$(inherited)",
					"@executable_path/Frameworks",
				);
				MARKETING_VERSION = 1.0;
				PRODUCT_BUNDLE_IDENTIFIER = jwl.exLog;
				PRODUCT_NAME = "$(TARGET_NAME)";
				PROVISIONING_PROFILE_SPECIFIER = "";
				SWIFT_EMIT_LOC_STRINGS = YES;
				SWIFT_VERSION = 5.0;
				TARGETED_DEVICE_FAMILY = "1,2";
			};
			name = Debug;
		};
		082177C42B0DFDC400D46518 /* Release */ = {
			isa = XCBuildConfiguration;
			buildSettings = {
				ASSETCATALOG_COMPILER_APPICON_NAME = AppIcon;
				ASSETCATALOG_COMPILER_GLOBAL_ACCENT_COLOR_NAME = AccentColor;
				CODE_SIGN_IDENTITY = "Apple Development";
				CODE_SIGN_STYLE = Automatic;
				CURRENT_PROJECT_VERSION = 1;
				DEVELOPMENT_ASSET_PATHS = "\"exLog/Preview Content\"";
				DEVELOPMENT_TEAM = V6ZL3U7TQT;
				ENABLE_PREVIEWS = YES;
				GENERATE_INFOPLIST_FILE = YES;
				INFOPLIST_FILE = exLog/Info.plist;
				INFOPLIST_KEY_UIApplicationSceneManifest_Generation = YES;
				INFOPLIST_KEY_UIApplicationSupportsIndirectInputEvents = YES;
				INFOPLIST_KEY_UILaunchScreen_Generation = YES;
				INFOPLIST_KEY_UISupportedInterfaceOrientations_iPad = "UIInterfaceOrientationPortrait UIInterfaceOrientationPortraitUpsideDown UIInterfaceOrientationLandscapeLeft UIInterfaceOrientationLandscapeRight";
				INFOPLIST_KEY_UISupportedInterfaceOrientations_iPhone = "UIInterfaceOrientationPortrait UIInterfaceOrientationLandscapeLeft UIInterfaceOrientationLandscapeRight";
				LD_RUNPATH_SEARCH_PATHS = (
					"$(inherited)",
					"@executable_path/Frameworks",
				);
				MARKETING_VERSION = 1.0;
				PRODUCT_BUNDLE_IDENTIFIER = jwl.exLog;
				PRODUCT_NAME = "$(TARGET_NAME)";
				PROVISIONING_PROFILE_SPECIFIER = "";
				SWIFT_EMIT_LOC_STRINGS = YES;
				SWIFT_VERSION = 5.0;
				TARGETED_DEVICE_FAMILY = "1,2";
			};
			name = Release;
		};
		082177C62B0DFDC400D46518 /* Debug */ = {
			isa = XCBuildConfiguration;
			buildSettings = {
				ALWAYS_EMBED_SWIFT_STANDARD_LIBRARIES = YES;
				BUNDLE_LOADER = "$(TEST_HOST)";
				CODE_SIGN_STYLE = Automatic;
				CURRENT_PROJECT_VERSION = 1;
				DEVELOPMENT_TEAM = V6ZL3U7TQT;
				GENERATE_INFOPLIST_FILE = YES;
				IPHONEOS_DEPLOYMENT_TARGET = 17.0;
				MARKETING_VERSION = 1.0;
				PRODUCT_BUNDLE_IDENTIFIER = jwl.exLogTests;
				PRODUCT_NAME = "$(TARGET_NAME)";
				SWIFT_EMIT_LOC_STRINGS = NO;
				SWIFT_VERSION = 5.0;
				TARGETED_DEVICE_FAMILY = "1,2";
				TEST_HOST = "$(BUILT_PRODUCTS_DIR)/spndLog.app/$(BUNDLE_EXECUTABLE_FOLDER_PATH)/spndLog";
			};
			name = Debug;
		};
		082177C72B0DFDC400D46518 /* Release */ = {
			isa = XCBuildConfiguration;
			buildSettings = {
				ALWAYS_EMBED_SWIFT_STANDARD_LIBRARIES = YES;
				BUNDLE_LOADER = "$(TEST_HOST)";
				CODE_SIGN_STYLE = Automatic;
				CURRENT_PROJECT_VERSION = 1;
				DEVELOPMENT_TEAM = V6ZL3U7TQT;
				GENERATE_INFOPLIST_FILE = YES;
				IPHONEOS_DEPLOYMENT_TARGET = 17.0;
				MARKETING_VERSION = 1.0;
				PRODUCT_BUNDLE_IDENTIFIER = jwl.exLogTests;
				PRODUCT_NAME = "$(TARGET_NAME)";
				SWIFT_EMIT_LOC_STRINGS = NO;
				SWIFT_VERSION = 5.0;
				TARGETED_DEVICE_FAMILY = "1,2";
				TEST_HOST = "$(BUILT_PRODUCTS_DIR)/spndLog.app/$(BUNDLE_EXECUTABLE_FOLDER_PATH)/spndLog";
			};
			name = Release;
		};
		082177C92B0DFDC400D46518 /* Debug */ = {
			isa = XCBuildConfiguration;
			buildSettings = {
				ALWAYS_EMBED_SWIFT_STANDARD_LIBRARIES = YES;
				CODE_SIGN_STYLE = Automatic;
				CURRENT_PROJECT_VERSION = 1;
				DEVELOPMENT_TEAM = V6ZL3U7TQT;
				GENERATE_INFOPLIST_FILE = YES;
				MARKETING_VERSION = 1.0;
				PRODUCT_BUNDLE_IDENTIFIER = jwl.exLogUITests;
				PRODUCT_NAME = "$(TARGET_NAME)";
				SWIFT_EMIT_LOC_STRINGS = NO;
				SWIFT_VERSION = 5.0;
				TARGETED_DEVICE_FAMILY = "1,2";
				TEST_TARGET_NAME = spndLog;
			};
			name = Debug;
		};
		082177CA2B0DFDC400D46518 /* Release */ = {
			isa = XCBuildConfiguration;
			buildSettings = {
				ALWAYS_EMBED_SWIFT_STANDARD_LIBRARIES = YES;
				CODE_SIGN_STYLE = Automatic;
				CURRENT_PROJECT_VERSION = 1;
				DEVELOPMENT_TEAM = V6ZL3U7TQT;
				GENERATE_INFOPLIST_FILE = YES;
				MARKETING_VERSION = 1.0;
				PRODUCT_BUNDLE_IDENTIFIER = jwl.exLogUITests;
				PRODUCT_NAME = "$(TARGET_NAME)";
				SWIFT_EMIT_LOC_STRINGS = NO;
				SWIFT_VERSION = 5.0;
				TARGETED_DEVICE_FAMILY = "1,2";
				TEST_TARGET_NAME = spndLog;
			};
			name = Release;
		};
/* End XCBuildConfiguration section */

/* Begin XCConfigurationList section */
		082177972B0DFDC300D46518 /* Build configuration list for PBXProject "exLog" */ = {
			isa = XCConfigurationList;
			buildConfigurations = (
				082177C02B0DFDC400D46518 /* Debug */,
				082177C12B0DFDC400D46518 /* Release */,
			);
			defaultConfigurationIsVisible = 0;
			defaultConfigurationName = Release;
		};
		082177C22B0DFDC400D46518 /* Build configuration list for PBXNativeTarget "exLog" */ = {
			isa = XCConfigurationList;
			buildConfigurations = (
				082177C32B0DFDC400D46518 /* Debug */,
				082177C42B0DFDC400D46518 /* Release */,
			);
			defaultConfigurationIsVisible = 0;
			defaultConfigurationName = Release;
		};
		082177C52B0DFDC400D46518 /* Build configuration list for PBXNativeTarget "exLogTests" */ = {
			isa = XCConfigurationList;
			buildConfigurations = (
				082177C62B0DFDC400D46518 /* Debug */,
				082177C72B0DFDC400D46518 /* Release */,
			);
			defaultConfigurationIsVisible = 0;
			defaultConfigurationName = Release;
		};
		082177C82B0DFDC400D46518 /* Build configuration list for PBXNativeTarget "exLogUITests" */ = {
			isa = XCConfigurationList;
			buildConfigurations = (
				082177C92B0DFDC400D46518 /* Debug */,
				082177CA2B0DFDC400D46518 /* Release */,
			);
			defaultConfigurationIsVisible = 0;
			defaultConfigurationName = Release;
		};
/* End XCConfigurationList section */
	};
	rootObject = 082177942B0DFDC300D46518 /* Project object */;
}
